
Microsoft Visual Studio Solution File, Format Version 12.00
# Visual Studio 15
VisualStudioVersion = 15.0.27703.1
MinimumVisualStudioVersion = 10.0.40219.1
Project("{FAE04EC0-301F-11D3-BF4B-00C04F79EFBC}") = "PRUEBA_TECNICA", "PRUEBA_TECNICA\PRUEBA_TECNICA.csproj", "{5B0BDB93-8239-4660-AFF8-180697F0A799}"
EndProject
Global
	GlobalSection(SolutionConfigurationPlatforms) = preSolution
		Debug|Any CPU = Debug|Any CPU
		Release|Any CPU = Release|Any CPU
	EndGlobalSection
	GlobalSection(ProjectConfigurationPlatforms) = postSolution
		{5B0BDB93-8239-4660-AFF8-180697F0A799}.Debug|Any CPU.ActiveCfg = Debug|Any CPU
		{5B0BDB93-8239-4660-AFF8-180697F0A799}.Debug|Any CPU.Build.0 = Debug|Any CPU
		{5B0BDB93-8239-4660-AFF8-180697F0A799}.Release|Any CPU.ActiveCfg = Release|Any CPU
		{5B0BDB93-8239-4660-AFF8-180697F0A799}.Release|Any CPU.Build.0 = Release|Any CPU
	EndGlobalSection
	GlobalSection(SolutionProperties) = preSolution
		HideSolutionNode = FALSE
	EndGlobalSection
	GlobalSection(ExtensibilityGlobals) = postSolution
		SolutionGuid = {B06A397D-C4E0-4C6F-810F-7366440E3D41}
	EndGlobalSection
EndGlobal
